// !$*UTF8*$!
{
	archiveVersion = 1;
	classes = {
	};
	objectVersion = 55;
	objects = {

/* Begin PBXBuildFile section */
		DC14213A28509C9E001087C3 /* CardsApp.swift in Sources */ = {isa = PBXBuildFile; fileRef = DC14213928509C9E001087C3 /* CardsApp.swift */; };
		DC14213C28509C9E001087C3 /* ContentView.swift in Sources */ = {isa = PBXBuildFile; fileRef = DC14213B28509C9E001087C3 /* ContentView.swift */; };
		DC14213E28509CA0001087C3 /* Assets.xcassets in Resources */ = {isa = PBXBuildFile; fileRef = DC14213D28509CA0001087C3 /* Assets.xcassets */; };
		DC14214128509CA0001087C3 /* Preview Assets.xcassets in Resources */ = {isa = PBXBuildFile; fileRef = DC14214028509CA0001087C3 /* Preview Assets.xcassets */; };
		DC14214928509E6E001087C3 /* CardsListView.swift in Sources */ = {isa = PBXBuildFile; fileRef = DC14214828509E6E001087C3 /* CardsListView.swift */; };
		DC14214B2850A10B001087C3 /* CardThumbnailView.swift in Sources */ = {isa = PBXBuildFile; fileRef = DC14214A2850A10B001087C3 /* CardThumbnailView.swift */; };
		DC14214D2850AA5D001087C3 /* SingleCardView.swift in Sources */ = {isa = PBXBuildFile; fileRef = DC14214C2850AA5D001087C3 /* SingleCardView.swift */; };
		DC1421502850AC9B001087C3 /* ViewState.swift in Sources */ = {isa = PBXBuildFile; fileRef = DC14214F2850AC9B001087C3 /* ViewState.swift */; };
		DC1421522850AF5F001087C3 /* CardsView.swift in Sources */ = {isa = PBXBuildFile; fileRef = DC1421512850AF5F001087C3 /* CardsView.swift */; };
		DC1CACEB285A2297004CC4F6 /* Stickers in Resources */ = {isa = PBXBuildFile; fileRef = DC1CACEA285A2297004CC4F6 /* Stickers */; };
		DC1CACEE285A250D004CC4F6 /* StickerPicker.swift in Sources */ = {isa = PBXBuildFile; fileRef = DC1CACED285A250D004CC4F6 /* StickerPicker.swift */; };
		DC24D180285755EF00A33ED1 /* CardElementView.swift in Sources */ = {isa = PBXBuildFile; fileRef = DC24D17F285755EF00A33ED1 /* CardElementView.swift */; };
		DC34FFA2285327A800BC4C8E /* ViewExtensions.swift in Sources */ = {isa = PBXBuildFile; fileRef = DC34FFA1285327A800BC4C8E /* ViewExtensions.swift */; };
		DC6A59EE2855D68400059531 /* PreviewData.swift in Sources */ = {isa = PBXBuildFile; fileRef = DC6A59ED2855D68400059531 /* PreviewData.swift */; };
		DC6A59F02855D6C300059531 /* TextExtensions.swift in Sources */ = {isa = PBXBuildFile; fileRef = DC6A59EF2855D6C300059531 /* TextExtensions.swift */; };
		DC6A59F32855DBBC00059531 /* CardElement.swift in Sources */ = {isa = PBXBuildFile; fileRef = DC6A59F22855DBBC00059531 /* CardElement.swift */; };
		DC6A59F52855DC0100059531 /* Card.swift in Sources */ = {isa = PBXBuildFile; fileRef = DC6A59F42855DC0100059531 /* Card.swift */; };
		DC6A59F72855DCDC00059531 /* CardStore.swift in Sources */ = {isa = PBXBuildFile; fileRef = DC6A59F62855DCDC00059531 /* CardStore.swift */; };
		DC77775C2850BBEA00D796D6 /* CardDetailView.swift in Sources */ = {isa = PBXBuildFile; fileRef = DC77775B2850BBEA00D796D6 /* CardDetailView.swift */; };
		DC77775E2850D3D200D796D6 /* CardModal.swift in Sources */ = {isa = PBXBuildFile; fileRef = DC77775D2850D3D200D796D6 /* CardModal.swift */; };
		DC7777602850D43100D796D6 /* CardBottomToolbar.swift in Sources */ = {isa = PBXBuildFile; fileRef = DC77775F2850D43000D796D6 /* CardBottomToolbar.swift */; };
		DC8D45C228754658009B3056 /* PhotoPicker.swift in Sources */ = {isa = PBXBuildFile; fileRef = DC8D45C128754658009B3056 /* PhotoPicker.swift */; };
		DCC5667D2851D27600302348 /* ResizableView.swift in Sources */ = {isa = PBXBuildFile; fileRef = DCC5667C2851D27600302348 /* ResizableView.swift */; };
		DCC5667F2851D36B00302348 /* Transform.swift in Sources */ = {isa = PBXBuildFile; fileRef = DCC5667E2851D36B00302348 /* Transform.swift */; };
		DCC566822851D93C00302348 /* Operators.swift in Sources */ = {isa = PBXBuildFile; fileRef = DCC566812851D93C00302348 /* Operators.swift */; };
		DCC982E028532F2C00BF2C2A /* Settings.swift in Sources */ = {isa = PBXBuildFile; fileRef = DCC982DF28532F2C00BF2C2A /* Settings.swift */; };
		DCCF239C285476A000DDA2B6 /* ColorExtensions.swift in Sources */ = {isa = PBXBuildFile; fileRef = DCCF239B285476A000DDA2B6 /* ColorExtensions.swift */; };
		DCCF239F28547E1900DDA2B6 /* CardToolBar.swift in Sources */ = {isa = PBXBuildFile; fileRef = DCCF239E28547E1900DDA2B6 /* CardToolBar.swift */; };
/* End PBXBuildFile section */

/* Begin PBXFileReference section */
		DC14213628509C9E001087C3 /* Cards.app */ = {isa = PBXFileReference; explicitFileType = wrapper.application; includeInIndex = 0; path = Cards.app; sourceTree = BUILT_PRODUCTS_DIR; };
		DC14213928509C9E001087C3 /* CardsApp.swift */ = {isa = PBXFileReference; lastKnownFileType = sourcecode.swift; path = CardsApp.swift; sourceTree = "<group>"; };
		DC14213B28509C9E001087C3 /* ContentView.swift */ = {isa = PBXFileReference; lastKnownFileType = sourcecode.swift; path = ContentView.swift; sourceTree = "<group>"; };
		DC14213D28509CA0001087C3 /* Assets.xcassets */ = {isa = PBXFileReference; lastKnownFileType = folder.assetcatalog; path = Assets.xcassets; sourceTree = "<group>"; };
		DC14214028509CA0001087C3 /* Preview Assets.xcassets */ = {isa = PBXFileReference; lastKnownFileType = folder.assetcatalog; path = "Preview Assets.xcassets"; sourceTree = "<group>"; };
		DC14214828509E6E001087C3 /* CardsListView.swift */ = {isa = PBXFileReference; lastKnownFileType = sourcecode.swift; path = CardsListView.swift; sourceTree = "<group>"; };
		DC14214A2850A10B001087C3 /* CardThumbnailView.swift */ = {isa = PBXFileReference; lastKnownFileType = sourcecode.swift; path = CardThumbnailView.swift; sourceTree = "<group>"; };
		DC14214C2850AA5D001087C3 /* SingleCardView.swift */ = {isa = PBXFileReference; lastKnownFileType = sourcecode.swift; path = SingleCardView.swift; sourceTree = "<group>"; };
		DC14214F2850AC9B001087C3 /* ViewState.swift */ = {isa = PBXFileReference; lastKnownFileType = sourcecode.swift; path = ViewState.swift; sourceTree = "<group>"; };
		DC1421512850AF5F001087C3 /* CardsView.swift */ = {isa = PBXFileReference; lastKnownFileType = sourcecode.swift; path = CardsView.swift; sourceTree = "<group>"; };
		DC1CACEA285A2297004CC4F6 /* Stickers */ = {isa = PBXFileReference; lastKnownFileType = folder; name = Stickers; path = "../../book code/swiftUI_apprentice/16-adding-assets-to-your-app/assets/Stickers"; sourceTree = "<group>"; };
		DC1CACED285A250D004CC4F6 /* StickerPicker.swift */ = {isa = PBXFileReference; lastKnownFileType = sourcecode.swift; path = StickerPicker.swift; sourceTree = "<group>"; };
		DC24D17F285755EF00A33ED1 /* CardElementView.swift */ = {isa = PBXFileReference; lastKnownFileType = sourcecode.swift; path = CardElementView.swift; sourceTree = "<group>"; };
		DC2568742859F95F00CDDC6C /* Info.plist */ = {isa = PBXFileReference; lastKnownFileType = text.plist; path = Info.plist; sourceTree = "<group>"; };
		DC34FFA1285327A800BC4C8E /* ViewExtensions.swift */ = {isa = PBXFileReference; lastKnownFileType = sourcecode.swift; path = ViewExtensions.swift; sourceTree = "<group>"; };
		DC6A59ED2855D68400059531 /* PreviewData.swift */ = {isa = PBXFileReference; fileEncoding = 4; lastKnownFileType = sourcecode.swift; path = PreviewData.swift; sourceTree = "<group>"; };
		DC6A59EF2855D6C300059531 /* TextExtensions.swift */ = {isa = PBXFileReference; lastKnownFileType = sourcecode.swift; path = TextExtensions.swift; sourceTree = "<group>"; };
		DC6A59F22855DBBC00059531 /* CardElement.swift */ = {isa = PBXFileReference; lastKnownFileType = sourcecode.swift; path = CardElement.swift; sourceTree = "<group>"; };
		DC6A59F42855DC0100059531 /* Card.swift */ = {isa = PBXFileReference; lastKnownFileType = sourcecode.swift; path = Card.swift; sourceTree = "<group>"; };
		DC6A59F62855DCDC00059531 /* CardStore.swift */ = {isa = PBXFileReference; lastKnownFileType = sourcecode.swift; path = CardStore.swift; sourceTree = "<group>"; };
		DC77775B2850BBEA00D796D6 /* CardDetailView.swift */ = {isa = PBXFileReference; lastKnownFileType = sourcecode.swift; path = CardDetailView.swift; sourceTree = "<group>"; };
		DC77775D2850D3D200D796D6 /* CardModal.swift */ = {isa = PBXFileReference; lastKnownFileType = sourcecode.swift; path = CardModal.swift; sourceTree = "<group>"; };
		DC77775F2850D43000D796D6 /* CardBottomToolbar.swift */ = {isa = PBXFileReference; lastKnownFileType = sourcecode.swift; path = CardBottomToolbar.swift; sourceTree = "<group>"; };
		DC8D45C128754658009B3056 /* PhotoPicker.swift */ = {isa = PBXFileReference; lastKnownFileType = sourcecode.swift; path = PhotoPicker.swift; sourceTree = "<group>"; };
		DCC5667C2851D27600302348 /* ResizableView.swift */ = {isa = PBXFileReference; lastKnownFileType = sourcecode.swift; path = ResizableView.swift; sourceTree = "<group>"; };
		DCC5667E2851D36B00302348 /* Transform.swift */ = {isa = PBXFileReference; lastKnownFileType = sourcecode.swift; path = Transform.swift; sourceTree = "<group>"; };
		DCC566812851D93C00302348 /* Operators.swift */ = {isa = PBXFileReference; lastKnownFileType = sourcecode.swift; path = Operators.swift; sourceTree = "<group>"; };
		DCC982DF28532F2C00BF2C2A /* Settings.swift */ = {isa = PBXFileReference; lastKnownFileType = sourcecode.swift; path = Settings.swift; sourceTree = "<group>"; };
		DCCF239B285476A000DDA2B6 /* ColorExtensions.swift */ = {isa = PBXFileReference; lastKnownFileType = sourcecode.swift; path = ColorExtensions.swift; sourceTree = "<group>"; };
		DCCF239E28547E1900DDA2B6 /* CardToolBar.swift */ = {isa = PBXFileReference; lastKnownFileType = sourcecode.swift; path = CardToolBar.swift; sourceTree = "<group>"; };
/* End PBXFileReference section */

/* Begin PBXFrameworksBuildPhase section */
		DC14213328509C9E001087C3 /* Frameworks */ = {
			isa = PBXFrameworksBuildPhase;
			buildActionMask = 2147483647;
			files = (
			);
			runOnlyForDeploymentPostprocessing = 0;
		};
/* End PBXFrameworksBuildPhase section */

/* Begin PBXGroup section */
		DC14212D28509C9E001087C3 = {
			isa = PBXGroup;
			children = (
				DC14213828509C9E001087C3 /* Cards */,
				DC14213728509C9E001087C3 /* Products */,
			);
			sourceTree = "<group>";
		};
		DC14213728509C9E001087C3 /* Products */ = {
			isa = PBXGroup;
			children = (
				DC14213628509C9E001087C3 /* Cards.app */,
			);
			name = Products;
			sourceTree = "<group>";
		};
		DC14213828509C9E001087C3 /* Cards */ = {
			isa = PBXGroup;
			children = (
				DC2568742859F95F00CDDC6C /* Info.plist */,
				DCC982DE28532F2000BF2C2A /* Config */,
				DC34FFA02853278E00BC4C8E /* Utilities */,
				DCC566802851D92D00302348 /* Extensions */,
				DC14214E2850AC7F001087C3 /* Models */,
				DC14214728509E53001087C3 /* Views */,
				DC14213928509C9E001087C3 /* CardsApp.swift */,
				DC14213B28509C9E001087C3 /* ContentView.swift */,
				DC14213D28509CA0001087C3 /* Assets.xcassets */,
				DC1CACEA285A2297004CC4F6 /* Stickers */,
				DC14213F28509CA0001087C3 /* Preview Content */,
			);
			path = Cards;
			sourceTree = "<group>";
		};
		DC14213F28509CA0001087C3 /* Preview Content */ = {
			isa = PBXGroup;
			children = (
				DC14214028509CA0001087C3 /* Preview Assets.xcassets */,
				DC6A59ED2855D68400059531 /* PreviewData.swift */,
			);
			path = "Preview Content";
			sourceTree = "<group>";
		};
		DC14214728509E53001087C3 /* Views */ = {
			isa = PBXGroup;
			children = (
				DCCF239D28547C8200DDA2B6 /* Modifiers */,
				DC77775A2850B28300D796D6 /* Cards */,
			);
			path = Views;
			sourceTree = "<group>";
		};
		DC14214E2850AC7F001087C3 /* Models */ = {
			isa = PBXGroup;
			children = (
				DC6A59F12855DBA400059531 /* Card */,
				DC14214F2850AC9B001087C3 /* ViewState.swift */,
				DC77775D2850D3D200D796D6 /* CardModal.swift */,
				DCC5667E2851D36B00302348 /* Transform.swift */,
			);
			path = Models;
			sourceTree = "<group>";
		};
		DC1CACEC285A24F0004CC4F6 /* CardModalViews */ = {
			isa = PBXGroup;
			children = (
				DC1CACED285A250D004CC4F6 /* StickerPicker.swift */,
				DC8D45C128754658009B3056 /* PhotoPicker.swift */,
			);
			path = CardModalViews;
			sourceTree = "<group>";
		};
		DC34FFA02853278E00BC4C8E /* Utilities */ = {
			isa = PBXGroup;
			children = (
				DCC566812851D93C00302348 /* Operators.swift */,
			);
			path = Utilities;
			sourceTree = "<group>";
		};
		DC6A59F12855DBA400059531 /* Card */ = {
			isa = PBXGroup;
			children = (
				DC6A59F22855DBBC00059531 /* CardElement.swift */,
				DC6A59F42855DC0100059531 /* Card.swift */,
				DC6A59F62855DCDC00059531 /* CardStore.swift */,
			);
			path = Card;
			sourceTree = "<group>";
		};
		DC77775A2850B28300D796D6 /* Cards */ = {
			isa = PBXGroup;
			children = (
				DC1421512850AF5F001087C3 /* CardsView.swift */,
				DC7777622850DCBE00D796D6 /* CardList */,
				DC7777612850DCAB00D796D6 /* SingleCard */,
			);
			path = Cards;
			sourceTree = "<group>";
		};
		DC7777612850DCAB00D796D6 /* SingleCard */ = {
			isa = PBXGroup;
			children = (
				DC14214C2850AA5D001087C3 /* SingleCardView.swift */,
				DC77775B2850BBEA00D796D6 /* CardDetailView.swift */,
				DC24D17F285755EF00A33ED1 /* CardElementView.swift */,
				DC77775F2850D43000D796D6 /* CardBottomToolbar.swift */,
				DC1CACEC285A24F0004CC4F6 /* CardModalViews */,
			);
			path = SingleCard;
			sourceTree = "<group>";
		};
		DC7777622850DCBE00D796D6 /* CardList */ = {
			isa = PBXGroup;
			children = (
				DC14214828509E6E001087C3 /* CardsListView.swift */,
				DC14214A2850A10B001087C3 /* CardThumbnailView.swift */,
			);
			path = CardList;
			sourceTree = "<group>";
		};
		DCC566802851D92D00302348 /* Extensions */ = {
			isa = PBXGroup;
			children = (
				DC34FFA1285327A800BC4C8E /* ViewExtensions.swift */,
				DCCF239B285476A000DDA2B6 /* ColorExtensions.swift */,
				DC6A59EF2855D6C300059531 /* TextExtensions.swift */,
			);
			path = Extensions;
			sourceTree = "<group>";
		};
		DCC982DE28532F2000BF2C2A /* Config */ = {
			isa = PBXGroup;
			children = (
				DCC982DF28532F2C00BF2C2A /* Settings.swift */,
			);
			path = Config;
			sourceTree = "<group>";
		};
		DCCF239D28547C8200DDA2B6 /* Modifiers */ = {
			isa = PBXGroup;
			children = (
				DCC5667C2851D27600302348 /* ResizableView.swift */,
				DCCF239E28547E1900DDA2B6 /* CardToolBar.swift */,
			);
			path = Modifiers;
			sourceTree = "<group>";
		};
/* End PBXGroup section */

/* Begin PBXNativeTarget section */
		DC14213528509C9E001087C3 /* Cards */ = {
			isa = PBXNativeTarget;
			buildConfigurationList = DC14214428509CA0001087C3 /* Build configuration list for PBXNativeTarget "Cards" */;
			buildPhases = (
				DC14213228509C9E001087C3 /* Sources */,
				DC14213328509C9E001087C3 /* Frameworks */,
				DC14213428509C9E001087C3 /* Resources */,
			);
			buildRules = (
			);
			dependencies = (
			);
			name = Cards;
			productName = Cards;
			productReference = DC14213628509C9E001087C3 /* Cards.app */;
			productType = "com.apple.product-type.application";
		};
/* End PBXNativeTarget section */

/* Begin PBXProject section */
		DC14212E28509C9E001087C3 /* Project object */ = {
			isa = PBXProject;
			attributes = {
				BuildIndependentTargetsInParallel = 1;
				LastSwiftUpdateCheck = 1340;
				LastUpgradeCheck = 1340;
				TargetAttributes = {
					DC14213528509C9E001087C3 = {
						CreatedOnToolsVersion = 13.4.1;
					};
				};
			};
			buildConfigurationList = DC14213128509C9E001087C3 /* Build configuration list for PBXProject "Cards" */;
			compatibilityVersion = "Xcode 13.0";
			developmentRegion = en;
			hasScannedForEncodings = 0;
			knownRegions = (
				en,
				Base,
			);
			mainGroup = DC14212D28509C9E001087C3;
			productRefGroup = DC14213728509C9E001087C3 /* Products */;
			projectDirPath = "";
			projectRoot = "";
			targets = (
				DC14213528509C9E001087C3 /* Cards */,
			);
		};
/* End PBXProject section */

/* Begin PBXResourcesBuildPhase section */
		DC14213428509C9E001087C3 /* Resources */ = {
			isa = PBXResourcesBuildPhase;
			buildActionMask = 2147483647;
			files = (
				DC14214128509CA0001087C3 /* Preview Assets.xcassets in Resources */,
				DC1CACEB285A2297004CC4F6 /* Stickers in Resources */,
				DC14213E28509CA0001087C3 /* Assets.xcassets in Resources */,
			);
			runOnlyForDeploymentPostprocessing = 0;
		};
/* End PBXResourcesBuildPhase section */

/* Begin PBXSourcesBuildPhase section */
		DC14213228509C9E001087C3 /* Sources */ = {
			isa = PBXSourcesBuildPhase;
			buildActionMask = 2147483647;
			files = (
				DC1421522850AF5F001087C3 /* CardsView.swift in Sources */,
				DC14213C28509C9E001087C3 /* ContentView.swift in Sources */,
				DC14214928509E6E001087C3 /* CardsListView.swift in Sources */,
				DC1421502850AC9B001087C3 /* ViewState.swift in Sources */,
				DC14213A28509C9E001087C3 /* CardsApp.swift in Sources */,
				DC14214D2850AA5D001087C3 /* SingleCardView.swift in Sources */,
				DC7777602850D43100D796D6 /* CardBottomToolbar.swift in Sources */,
				DCCF239F28547E1900DDA2B6 /* CardToolBar.swift in Sources */,
				DC6A59F32855DBBC00059531 /* CardElement.swift in Sources */,
				DC6A59F72855DCDC00059531 /* CardStore.swift in Sources */,
				DCC5667D2851D27600302348 /* ResizableView.swift in Sources */,
				DC34FFA2285327A800BC4C8E /* ViewExtensions.swift in Sources */,
				DCC982E028532F2C00BF2C2A /* Settings.swift in Sources */,
				DC14214B2850A10B001087C3 /* CardThumbnailView.swift in Sources */,
				DCC566822851D93C00302348 /* Operators.swift in Sources */,
				DC77775E2850D3D200D796D6 /* CardModal.swift in Sources */,
				DC6A59EE2855D68400059531 /* PreviewData.swift in Sources */,
				DC1CACEE285A250D004CC4F6 /* StickerPicker.swift in Sources */,
				DC24D180285755EF00A33ED1 /* CardElementView.swift in Sources */,
				DC6A59F52855DC0100059531 /* Card.swift in Sources */,
				DCC5667F2851D36B00302348 /* Transform.swift in Sources */,
				DC6A59F02855D6C300059531 /* TextExtensions.swift in Sources */,
				DC77775C2850BBEA00D796D6 /* CardDetailView.swift in Sources */,
				DC8D45C228754658009B3056 /* PhotoPicker.swift in Sources */,
				DCCF239C285476A000DDA2B6 /* ColorExtensions.swift in Sources */,
			);
			runOnlyForDeploymentPostprocessing = 0;
		};
/* End PBXSourcesBuildPhase section */

/* Begin XCBuildConfiguration section */
		DC14214228509CA0001087C3 /* Debug */ = {
			isa = XCBuildConfiguration;
			buildSettings = {
				ALWAYS_SEARCH_USER_PATHS = NO;
				CLANG_ANALYZER_NONNULL = YES;
				CLANG_ANALYZER_NUMBER_OBJECT_CONVERSION = YES_AGGRESSIVE;
				CLANG_CXX_LANGUAGE_STANDARD = "gnu++17";
				CLANG_ENABLE_MODULES = YES;
				CLANG_ENABLE_OBJC_ARC = YES;
				CLANG_ENABLE_OBJC_WEAK = YES;
				CLANG_WARN_BLOCK_CAPTURE_AUTORELEASING = YES;
				CLANG_WARN_BOOL_CONVERSION = YES;
				CLANG_WARN_COMMA = YES;
				CLANG_WARN_CONSTANT_CONVERSION = YES;
				CLANG_WARN_DEPRECATED_OBJC_IMPLEMENTATIONS = YES;
				CLANG_WARN_DIRECT_OBJC_ISA_USAGE = YES_ERROR;
				CLANG_WARN_DOCUMENTATION_COMMENTS = YES;
				CLANG_WARN_EMPTY_BODY = YES;
				CLANG_WARN_ENUM_CONVERSION = YES;
				CLANG_WARN_INFINITE_RECURSION = YES;
				CLANG_WARN_INT_CONVERSION = YES;
				CLANG_WARN_NON_LITERAL_NULL_CONVERSION = YES;
				CLANG_WARN_OBJC_IMPLICIT_RETAIN_SELF = YES;
				CLANG_WARN_OBJC_LITERAL_CONVERSION = YES;
				CLANG_WARN_OBJC_ROOT_CLASS = YES_ERROR;
				CLANG_WARN_QUOTED_INCLUDE_IN_FRAMEWORK_HEADER = YES;
				CLANG_WARN_RANGE_LOOP_ANALYSIS = YES;
				CLANG_WARN_STRICT_PROTOTYPES = YES;
				CLANG_WARN_SUSPICIOUS_MOVE = YES;
				CLANG_WARN_UNGUARDED_AVAILABILITY = YES_AGGRESSIVE;
				CLANG_WARN_UNREACHABLE_CODE = YES;
				CLANG_WARN__DUPLICATE_METHOD_MATCH = YES;
				COPY_PHASE_STRIP = NO;
				DEBUG_INFORMATION_FORMAT = dwarf;
				ENABLE_STRICT_OBJC_MSGSEND = YES;
				ENABLE_TESTABILITY = YES;
				GCC_C_LANGUAGE_STANDARD = gnu11;
				GCC_DYNAMIC_NO_PIC = NO;
				GCC_NO_COMMON_BLOCKS = YES;
				GCC_OPTIMIZATION_LEVEL = 0;
				GCC_PREPROCESSOR_DEFINITIONS = (
					"DEBUG=1",
					"$(inherited)",
				);
				GCC_WARN_64_TO_32_BIT_CONVERSION = YES;
				GCC_WARN_ABOUT_RETURN_TYPE = YES_ERROR;
				GCC_WARN_UNDECLARED_SELECTOR = YES;
				GCC_WARN_UNINITIALIZED_AUTOS = YES_AGGRESSIVE;
				GCC_WARN_UNUSED_FUNCTION = YES;
				GCC_WARN_UNUSED_VARIABLE = YES;
				IPHONEOS_DEPLOYMENT_TARGET = 15.5;
				MTL_ENABLE_DEBUG_INFO = INCLUDE_SOURCE;
				MTL_FAST_MATH = YES;
				ONLY_ACTIVE_ARCH = YES;
				SDKROOT = iphoneos;
				SWIFT_ACTIVE_COMPILATION_CONDITIONS = DEBUG;
				SWIFT_OPTIMIZATION_LEVEL = "-Onone";
			};
			name = Debug;
		};
		DC14214328509CA0001087C3 /* Release */ = {
			isa = XCBuildConfiguration;
			buildSettings = {
				ALWAYS_SEARCH_USER_PATHS = NO;
				CLANG_ANALYZER_NONNULL = YES;
				CLANG_ANALYZER_NUMBER_OBJECT_CONVERSION = YES_AGGRESSIVE;
				CLANG_CXX_LANGUAGE_STANDARD = "gnu++17";
				CLANG_ENABLE_MODULES = YES;
				CLANG_ENABLE_OBJC_ARC = YES;
				CLANG_ENABLE_OBJC_WEAK = YES;
				CLANG_WARN_BLOCK_CAPTURE_AUTORELEASING = YES;
				CLANG_WARN_BOOL_CONVERSION = YES;
				CLANG_WARN_COMMA = YES;
				CLANG_WARN_CONSTANT_CONVERSION = YES;
				CLANG_WARN_DEPRECATED_OBJC_IMPLEMENTATIONS = YES;
				CLANG_WARN_DIRECT_OBJC_ISA_USAGE = YES_ERROR;
				CLANG_WARN_DOCUMENTATION_COMMENTS = YES;
				CLANG_WARN_EMPTY_BODY = YES;
				CLANG_WARN_ENUM_CONVERSION = YES;
				CLANG_WARN_INFINITE_RECURSION = YES;
				CLANG_WARN_INT_CONVERSION = YES;
				CLANG_WARN_NON_LITERAL_NULL_CONVERSION = YES;
				CLANG_WARN_OBJC_IMPLICIT_RETAIN_SELF = YES;
				CLANG_WARN_OBJC_LITERAL_CONVERSION = YES;
				CLANG_WARN_OBJC_ROOT_CLASS = YES_ERROR;
				CLANG_WARN_QUOTED_INCLUDE_IN_FRAMEWORK_HEADER = YES;
				CLANG_WARN_RANGE_LOOP_ANALYSIS = YES;
				CLANG_WARN_STRICT_PROTOTYPES = YES;
				CLANG_WARN_SUSPICIOUS_MOVE = YES;
				CLANG_WARN_UNGUARDED_AVAILABILITY = YES_AGGRESSIVE;
				CLANG_WARN_UNREACHABLE_CODE = YES;
				CLANG_WARN__DUPLICATE_METHOD_MATCH = YES;
				COPY_PHASE_STRIP = NO;
				DEBUG_INFORMATION_FORMAT = "dwarf-with-dsym";
				ENABLE_NS_ASSERTIONS = NO;
				ENABLE_STRICT_OBJC_MSGSEND = YES;
				GCC_C_LANGUAGE_STANDARD = gnu11;
				GCC_NO_COMMON_BLOCKS = YES;
				GCC_WARN_64_TO_32_BIT_CONVERSION = YES;
				GCC_WARN_ABOUT_RETURN_TYPE = YES_ERROR;
				GCC_WARN_UNDECLARED_SELECTOR = YES;
				GCC_WARN_UNINITIALIZED_AUTOS = YES_AGGRESSIVE;
				GCC_WARN_UNUSED_FUNCTION = YES;
				GCC_WARN_UNUSED_VARIABLE = YES;
				IPHONEOS_DEPLOYMENT_TARGET = 15.5;
				MTL_ENABLE_DEBUG_INFO = NO;
				MTL_FAST_MATH = YES;
				SDKROOT = iphoneos;
				SWIFT_COMPILATION_MODE = wholemodule;
				SWIFT_OPTIMIZATION_LEVEL = "-O";
				VALIDATE_PRODUCT = YES;
			};
			name = Release;
		};
		DC14214528509CA0001087C3 /* Debug */ = {
			isa = XCBuildConfiguration;
			buildSettings = {
				ASSETCATALOG_COMPILER_APPICON_NAME = AppIcon;
				ASSETCATALOG_COMPILER_GLOBAL_ACCENT_COLOR_NAME = AccentColor;
				CODE_SIGN_STYLE = Automatic;
				CURRENT_PROJECT_VERSION = 1;
				DEVELOPMENT_ASSET_PATHS = "\"Cards/Preview Content\"";
				DEVELOPMENT_TEAM = BCW8MN39TF;
				ENABLE_PREVIEWS = YES;
				GENERATE_INFOPLIST_FILE = YES;
				INFOPLIST_FILE = Cards/Info.plist;
				INFOPLIST_KEY_UIApplicationSceneManifest_Generation = YES;
				INFOPLIST_KEY_UIApplicationSupportsIndirectInputEvents = YES;
				INFOPLIST_KEY_UISupportedInterfaceOrientations_iPad = "UIInterfaceOrientationPortrait UIInterfaceOrientationPortraitUpsideDown UIInterfaceOrientationLandscapeLeft UIInterfaceOrientationLandscapeRight";
				INFOPLIST_KEY_UISupportedInterfaceOrientations_iPhone = "UIInterfaceOrientationPortrait UIInterfaceOrientationLandscapeLeft UIInterfaceOrientationLandscapeRight";
				LD_RUNPATH_SEARCH_PATHS = (
					"$(inherited)",
					"@executable_path/Frameworks",
				);
				MARKETING_VERSION = 1.0;
				PRODUCT_BUNDLE_IDENTIFIER = com.gmail.work.mkfla.Cards;
				PRODUCT_NAME = "$(TARGET_NAME)";
				SWIFT_EMIT_LOC_STRINGS = YES;
				SWIFT_VERSION = 5.0;
				TARGETED_DEVICE_FAMILY = "1,2";
			};
			name = Debug;
		};
		DC14214628509CA0001087C3 /* Release */ = {
			isa = XCBuildConfiguration;
			buildSettings = {
				ASSETCATALOG_COMPILER_APPICON_NAME = AppIcon;
				ASSETCATALOG_COMPILER_GLOBAL_ACCENT_COLOR_NAME = AccentColor;
				CODE_SIGN_STYLE = Automatic;
				CURRENT_PROJECT_VERSION = 1;
				DEVELOPMENT_ASSET_PATHS = "\"Cards/Preview Content\"";
				DEVELOPMENT_TEAM = BCW8MN39TF;
				ENABLE_PREVIEWS = YES;
				GENERATE_INFOPLIST_FILE = YES;
				INFOPLIST_FILE = Cards/Info.plist;
				INFOPLIST_KEY_UIApplicationSceneManifest_Generation = YES;
				INFOPLIST_KEY_UIApplicationSupportsIndirectInputEvents = YES;
				INFOPLIST_KEY_UISupportedInterfaceOrientations_iPad = "UIInterfaceOrientationPortrait UIInterfaceOrientationPortraitUpsideDown UIInterfaceOrientationLandscapeLeft UIInterfaceOrientationLandscapeRight";
				INFOPLIST_KEY_UISupportedInterfaceOrientations_iPhone = "UIInterfaceOrientationPortrait UIInterfaceOrientationLandscapeLeft UIInterfaceOrientationLandscapeRight";
				LD_RUNPATH_SEARCH_PATHS = (
					"$(inherited)",
					"@executable_path/Frameworks",
				);
				MARKETING_VERSION = 1.0;
				PRODUCT_BUNDLE_IDENTIFIER = com.gmail.work.mkfla.Cards;
				PRODUCT_NAME = "$(TARGET_NAME)";
				SWIFT_EMIT_LOC_STRINGS = YES;
				SWIFT_VERSION = 5.0;
				TARGETED_DEVICE_FAMILY = "1,2";
			};
			name = Release;
		};
/* End XCBuildConfiguration section */

/* Begin XCConfigurationList section */
		DC14213128509C9E001087C3 /* Build configuration list for PBXProject "Cards" */ = {
			isa = XCConfigurationList;
			buildConfigurations = (
				DC14214228509CA0001087C3 /* Debug */,
				DC14214328509CA0001087C3 /* Release */,
			);
			defaultConfigurationIsVisible = 0;
			defaultConfigurationName = Release;
		};
		DC14214428509CA0001087C3 /* Build configuration list for PBXNativeTarget "Cards" */ = {
			isa = XCConfigurationList;
			buildConfigurations = (
				DC14214528509CA0001087C3 /* Debug */,
				DC14214628509CA0001087C3 /* Release */,
			);
			defaultConfigurationIsVisible = 0;
			defaultConfigurationName = Release;
		};
/* End XCConfigurationList section */
	};
	rootObject = DC14212E28509C9E001087C3 /* Project object */;
}
